
Microsoft Visual Studio Solution File, Format Version 12.00
# Visual Studio 15
VisualStudioVersion = 15.0.26009.0
MinimumVisualStudioVersion = 10.0.40219.1
Project("{FAE04EC0-301F-11D3-BF4B-00C04F79EFBC}") = "HelloWord", "HelloWord\HelloWord.csproj", "{0EC5ACB4-D9C2-47F3-9209-D25959255334}"
EndProject
Project("{FAE04EC0-301F-11D3-BF4B-00C04F79EFBC}") = "Expression", "Expression\Expression.csproj", "{273F223F-357E-4200-8B6A-84E345006D4A}"
EndProject
Project("{FAE04EC0-301F-11D3-BF4B-00C04F79EFBC}") = "Nums1To20", "Nums1To20\Nums1To20.csproj", "{69005E16-EF40-4BBB-9E2A-B257E53423BA}"
EndProject
Project("{FAE04EC0-301F-11D3-BF4B-00C04F79EFBC}") = "TriangleOf55Stars", "TriangleOf55Stars\TriangleOf55Stars.csproj", "{F5A75560-68A4-4B41-8DA2-7F7C8B5A1461}"
EndProject
Project("{FAE04EC0-301F-11D3-BF4B-00C04F79EFBC}") = "RectangleArea", "RectangleArea\RectangleArea.csproj", "{AF4B165E-D8BE-47D8-B88C-EAB23F3934B9}"
EndProject
Project("{FAE04EC0-301F-11D3-BF4B-00C04F79EFBC}") = "Square of Stars", "Square of Stars\Square of Stars.csproj", "{E455434F-4775-4BE1-946C-9FF6EF998590}"
EndProject
Project("{FAE04EC0-301F-11D3-BF4B-00C04F79EFBC}") = "SumatorGUI", "SumatorGUI\SumatorGUI.csproj", "{8C9AFEC9-EF5F-4D65-97E4-0DAFC19F442E}"
EndProject
Project("{FAE04EC0-301F-11D3-BF4B-00C04F79EFBC}") = "SumatorWEB", "SumatorWEB\SumatorWEB.csproj", "{CE7EBCC5-901B-4E52-A065-36D90CAC8167}"
EndProject
Global
	GlobalSection(SolutionConfigurationPlatforms) = preSolution
		Debug|Any CPU = Debug|Any CPU
		Release|Any CPU = Release|Any CPU
	EndGlobalSection
	GlobalSection(ProjectConfigurationPlatforms) = postSolution
		{0EC5ACB4-D9C2-47F3-9209-D25959255334}.Debug|Any CPU.ActiveCfg = Debug|Any CPU
		{0EC5ACB4-D9C2-47F3-9209-D25959255334}.Debug|Any CPU.Build.0 = Debug|Any CPU
		{0EC5ACB4-D9C2-47F3-9209-D25959255334}.Release|Any CPU.ActiveCfg = Release|Any CPU
		{0EC5ACB4-D9C2-47F3-9209-D25959255334}.Release|Any CPU.Build.0 = Release|Any CPU
		{273F223F-357E-4200-8B6A-84E345006D4A}.Debug|Any CPU.ActiveCfg = Debug|Any CPU
		{273F223F-357E-4200-8B6A-84E345006D4A}.Debug|Any CPU.Build.0 = Debug|Any CPU
		{273F223F-357E-4200-8B6A-84E345006D4A}.Release|Any CPU.ActiveCfg = Release|Any CPU
		{273F223F-357E-4200-8B6A-84E345006D4A}.Release|Any CPU.Build.0 = Release|Any CPU
		{69005E16-EF40-4BBB-9E2A-B257E53423BA}.Debug|Any CPU.ActiveCfg = Debug|Any CPU
		{69005E16-EF40-4BBB-9E2A-B257E53423BA}.Debug|Any CPU.Build.0 = Debug|Any CPU
		{69005E16-EF40-4BBB-9E2A-B257E53423BA}.Release|Any CPU.ActiveCfg = Release|Any CPU
		{69005E16-EF40-4BBB-9E2A-B257E53423BA}.Release|Any CPU.Build.0 = Release|Any CPU
		{F5A75560-68A4-4B41-8DA2-7F7C8B5A1461}.Debug|Any CPU.ActiveCfg = Debug|Any CPU
		{F5A75560-68A4-4B41-8DA2-7F7C8B5A1461}.Debug|Any CPU.Build.0 = Debug|Any CPU
		{F5A75560-68A4-4B41-8DA2-7F7C8B5A1461}.Release|Any CPU.ActiveCfg = Release|Any CPU
		{F5A75560-68A4-4B41-8DA2-7F7C8B5A1461}.Release|Any CPU.Build.0 = Release|Any CPU
		{AF4B165E-D8BE-47D8-B88C-EAB23F3934B9}.Debug|Any CPU.ActiveCfg = Debug|Any CPU
		{AF4B165E-D8BE-47D8-B88C-EAB23F3934B9}.Debug|Any CPU.Build.0 = Debug|Any CPU
		{AF4B165E-D8BE-47D8-B88C-EAB23F3934B9}.Release|Any CPU.ActiveCfg = Release|Any CPU
		{AF4B165E-D8BE-47D8-B88C-EAB23F3934B9}.Release|Any CPU.Build.0 = Release|Any CPU
		{E455434F-4775-4BE1-946C-9FF6EF998590}.Debug|Any CPU.ActiveCfg = Debug|Any CPU
		{E455434F-4775-4BE1-946C-9FF6EF998590}.Debug|Any CPU.Build.0 = Debug|Any CPU
		{E455434F-4775-4BE1-946C-9FF6EF998590}.Release|Any CPU.ActiveCfg = Release|Any CPU
		{E455434F-4775-4BE1-946C-9FF6EF998590}.Release|Any CPU.Build.0 = Release|Any CPU
		{8C9AFEC9-EF5F-4D65-97E4-0DAFC19F442E}.Debug|Any CPU.ActiveCfg = Debug|Any CPU
		{8C9AFEC9-EF5F-4D65-97E4-0DAFC19F442E}.Debug|Any CPU.Build.0 = Debug|Any CPU
		{8C9AFEC9-EF5F-4D65-97E4-0DAFC19F442E}.Release|Any CPU.ActiveCfg = Release|Any CPU
		{8C9AFEC9-EF5F-4D65-97E4-0DAFC19F442E}.Release|Any CPU.Build.0 = Release|Any CPU
		{CE7EBCC5-901B-4E52-A065-36D90CAC8167}.Debug|Any CPU.ActiveCfg = Debug|Any CPU
		{CE7EBCC5-901B-4E52-A065-36D90CAC8167}.Debug|Any CPU.Build.0 = Debug|Any CPU
		{CE7EBCC5-901B-4E52-A065-36D90CAC8167}.Release|Any CPU.ActiveCfg = Release|Any CPU
		{CE7EBCC5-901B-4E52-A065-36D90CAC8167}.Release|Any CPU.Build.0 = Release|Any CPU
	EndGlobalSection
	GlobalSection(SolutionProperties) = preSolution
		HideSolutionNode = FALSE
	EndGlobalSection
EndGlobal
