
Microsoft Visual Studio Solution File, Format Version 12.00
# Visual Studio 15
VisualStudioVersion = 15.0.26009.0
MinimumVisualStudioVersion = 10.0.40219.1
Project("{FAE04EC0-301F-11D3-BF4B-00C04F79EFBC}") = "Rectangle10x10", "Rectangle10x10\Rectangle10x10.csproj", "{3878A5DC-4DF8-4B37-AD38-E9370ECE6A32}"
EndProject
Project("{FAE04EC0-301F-11D3-BF4B-00C04F79EFBC}") = "RectangleNxN", "RectangleNxN\RectangleNxN.csproj", "{B2D9931C-45E2-4897-97CB-8E0D853947E1}"
EndProject
Project("{FAE04EC0-301F-11D3-BF4B-00C04F79EFBC}") = "Square", "Square\Square.csproj", "{DD737D4F-6724-4445-AC84-64168E098295}"
EndProject
Project("{FAE04EC0-301F-11D3-BF4B-00C04F79EFBC}") = "TriangleOfDolars", "TriangleOfDolars\TriangleOfDolars.csproj", "{CDEDC4BD-69AB-4397-B393-CDCBB2455D82}"
EndProject
Project("{FAE04EC0-301F-11D3-BF4B-00C04F79EFBC}") = "SquareFrame", "SquareFrame\SquareFrame.csproj", "{2358217B-0CD4-47F1-88D9-BD2C12C8CA6E}"
EndProject
Project("{FAE04EC0-301F-11D3-BF4B-00C04F79EFBC}") = "RombusOfStar", "RombusOfStar\RombusOfStar.csproj", "{46012CC3-32B1-434F-883F-CA3D7E72CA6F}"
EndProject
Project("{FAE04EC0-301F-11D3-BF4B-00C04F79EFBC}") = "_test", "_test\_test.csproj", "{CA8EF0FD-558A-49D1-878B-23C910EF4EA3}"
EndProject
Project("{FAE04EC0-301F-11D3-BF4B-00C04F79EFBC}") = "ChristmasTree", "ChristmasTree\ChristmasTree.csproj", "{D4F99D02-3E7A-48FD-B203-6D7154D3F785}"
EndProject
Global
	GlobalSection(SolutionConfigurationPlatforms) = preSolution
		Debug|Any CPU = Debug|Any CPU
		Release|Any CPU = Release|Any CPU
	EndGlobalSection
	GlobalSection(ProjectConfigurationPlatforms) = postSolution
		{3878A5DC-4DF8-4B37-AD38-E9370ECE6A32}.Debug|Any CPU.ActiveCfg = Debug|Any CPU
		{3878A5DC-4DF8-4B37-AD38-E9370ECE6A32}.Debug|Any CPU.Build.0 = Debug|Any CPU
		{3878A5DC-4DF8-4B37-AD38-E9370ECE6A32}.Release|Any CPU.ActiveCfg = Release|Any CPU
		{3878A5DC-4DF8-4B37-AD38-E9370ECE6A32}.Release|Any CPU.Build.0 = Release|Any CPU
		{B2D9931C-45E2-4897-97CB-8E0D853947E1}.Debug|Any CPU.ActiveCfg = Debug|Any CPU
		{B2D9931C-45E2-4897-97CB-8E0D853947E1}.Debug|Any CPU.Build.0 = Debug|Any CPU
		{B2D9931C-45E2-4897-97CB-8E0D853947E1}.Release|Any CPU.ActiveCfg = Release|Any CPU
		{B2D9931C-45E2-4897-97CB-8E0D853947E1}.Release|Any CPU.Build.0 = Release|Any CPU
		{DD737D4F-6724-4445-AC84-64168E098295}.Debug|Any CPU.ActiveCfg = Debug|Any CPU
		{DD737D4F-6724-4445-AC84-64168E098295}.Debug|Any CPU.Build.0 = Debug|Any CPU
		{DD737D4F-6724-4445-AC84-64168E098295}.Release|Any CPU.ActiveCfg = Release|Any CPU
		{DD737D4F-6724-4445-AC84-64168E098295}.Release|Any CPU.Build.0 = Release|Any CPU
		{CDEDC4BD-69AB-4397-B393-CDCBB2455D82}.Debug|Any CPU.ActiveCfg = Debug|Any CPU
		{CDEDC4BD-69AB-4397-B393-CDCBB2455D82}.Debug|Any CPU.Build.0 = Debug|Any CPU
		{CDEDC4BD-69AB-4397-B393-CDCBB2455D82}.Release|Any CPU.ActiveCfg = Release|Any CPU
		{CDEDC4BD-69AB-4397-B393-CDCBB2455D82}.Release|Any CPU.Build.0 = Release|Any CPU
		{2358217B-0CD4-47F1-88D9-BD2C12C8CA6E}.Debug|Any CPU.ActiveCfg = Debug|Any CPU
		{2358217B-0CD4-47F1-88D9-BD2C12C8CA6E}.Debug|Any CPU.Build.0 = Debug|Any CPU
		{2358217B-0CD4-47F1-88D9-BD2C12C8CA6E}.Release|Any CPU.ActiveCfg = Release|Any CPU
		{2358217B-0CD4-47F1-88D9-BD2C12C8CA6E}.Release|Any CPU.Build.0 = Release|Any CPU
		{46012CC3-32B1-434F-883F-CA3D7E72CA6F}.Debug|Any CPU.ActiveCfg = Debug|Any CPU
		{46012CC3-32B1-434F-883F-CA3D7E72CA6F}.Debug|Any CPU.Build.0 = Debug|Any CPU
		{46012CC3-32B1-434F-883F-CA3D7E72CA6F}.Release|Any CPU.ActiveCfg = Release|Any CPU
		{46012CC3-32B1-434F-883F-CA3D7E72CA6F}.Release|Any CPU.Build.0 = Release|Any CPU
		{CA8EF0FD-558A-49D1-878B-23C910EF4EA3}.Debug|Any CPU.ActiveCfg = Debug|Any CPU
		{CA8EF0FD-558A-49D1-878B-23C910EF4EA3}.Debug|Any CPU.Build.0 = Debug|Any CPU
		{CA8EF0FD-558A-49D1-878B-23C910EF4EA3}.Release|Any CPU.ActiveCfg = Release|Any CPU
		{CA8EF0FD-558A-49D1-878B-23C910EF4EA3}.Release|Any CPU.Build.0 = Release|Any CPU
		{D4F99D02-3E7A-48FD-B203-6D7154D3F785}.Debug|Any CPU.ActiveCfg = Debug|Any CPU
		{D4F99D02-3E7A-48FD-B203-6D7154D3F785}.Debug|Any CPU.Build.0 = Debug|Any CPU
		{D4F99D02-3E7A-48FD-B203-6D7154D3F785}.Release|Any CPU.ActiveCfg = Release|Any CPU
		{D4F99D02-3E7A-48FD-B203-6D7154D3F785}.Release|Any CPU.Build.0 = Release|Any CPU
	EndGlobalSection
	GlobalSection(SolutionProperties) = preSolution
		HideSolutionNode = FALSE
	EndGlobalSection
EndGlobal
