
Microsoft Visual Studio Solution File, Format Version 12.00
# Visual Studio 2012
Project("{FAE04EC0-301F-11D3-BF4B-00C04F79EFBC}") = "AreaFigura", "AreaFigura\AreaFigura.csproj", "{CA46C734-640B-42D3-B44B-CA3903666270}"
EndProject
Project("{FAE04EC0-301F-11D3-BF4B-00C04F79EFBC}") = "After15min", "After15min\After15min.csproj", "{B6F9E419-5884-42F7-8C21-0DD02BF6244B}"
EndProject
Project("{FAE04EC0-301F-11D3-BF4B-00C04F79EFBC}") = "EqualNumbers", "EqualNumbers\EqualNumbers.csproj", "{D22E99F8-7788-4863-BBB5-9148F9F1EE29}"
EndProject
Project("{FAE04EC0-301F-11D3-BF4B-00C04F79EFBC}") = "NameNumberTo100", "NameNumberTo100\NameNumberTo100.csproj", "{D34C2FF6-BB98-4D70-ABA2-55507EFB5AD3}"
EndProject
Global
	GlobalSection(SolutionConfigurationPlatforms) = preSolution
		Debug|Any CPU = Debug|Any CPU
		Release|Any CPU = Release|Any CPU
	EndGlobalSection
	GlobalSection(ProjectConfigurationPlatforms) = postSolution
		{CA46C734-640B-42D3-B44B-CA3903666270}.Debug|Any CPU.ActiveCfg = Debug|Any CPU
		{CA46C734-640B-42D3-B44B-CA3903666270}.Debug|Any CPU.Build.0 = Debug|Any CPU
		{CA46C734-640B-42D3-B44B-CA3903666270}.Release|Any CPU.ActiveCfg = Release|Any CPU
		{CA46C734-640B-42D3-B44B-CA3903666270}.Release|Any CPU.Build.0 = Release|Any CPU
		{B6F9E419-5884-42F7-8C21-0DD02BF6244B}.Debug|Any CPU.ActiveCfg = Debug|Any CPU
		{B6F9E419-5884-42F7-8C21-0DD02BF6244B}.Debug|Any CPU.Build.0 = Debug|Any CPU
		{B6F9E419-5884-42F7-8C21-0DD02BF6244B}.Release|Any CPU.ActiveCfg = Release|Any CPU
		{B6F9E419-5884-42F7-8C21-0DD02BF6244B}.Release|Any CPU.Build.0 = Release|Any CPU
		{D22E99F8-7788-4863-BBB5-9148F9F1EE29}.Debug|Any CPU.ActiveCfg = Debug|Any CPU
		{D22E99F8-7788-4863-BBB5-9148F9F1EE29}.Debug|Any CPU.Build.0 = Debug|Any CPU
		{D22E99F8-7788-4863-BBB5-9148F9F1EE29}.Release|Any CPU.ActiveCfg = Release|Any CPU
		{D22E99F8-7788-4863-BBB5-9148F9F1EE29}.Release|Any CPU.Build.0 = Release|Any CPU
		{D34C2FF6-BB98-4D70-ABA2-55507EFB5AD3}.Debug|Any CPU.ActiveCfg = Debug|Any CPU
		{D34C2FF6-BB98-4D70-ABA2-55507EFB5AD3}.Debug|Any CPU.Build.0 = Debug|Any CPU
		{D34C2FF6-BB98-4D70-ABA2-55507EFB5AD3}.Release|Any CPU.ActiveCfg = Release|Any CPU
		{D34C2FF6-BB98-4D70-ABA2-55507EFB5AD3}.Release|Any CPU.Build.0 = Release|Any CPU
	EndGlobalSection
	GlobalSection(SolutionProperties) = preSolution
		HideSolutionNode = FALSE
	EndGlobalSection
EndGlobal
